
Microsoft Visual Studio Solution File, Format Version 12.00
# Visual Studio Version 17
VisualStudioVersion = 17.7.34024.191
MinimumVisualStudioVersion = 10.0.40219.1
Project("{FAE04EC0-301F-11D3-BF4B-00C04F79EFBC}") = "laba8", "laba8\laba8.csproj", "{86C91872-3A49-4F30-8020-84D79853197A}"
EndProject
Global
	GlobalSection(SolutionConfigurationPlatforms) = preSolution
		Debug|Any CPU = Debug|Any CPU
		Release|Any CPU = Release|Any CPU
	EndGlobalSection
	GlobalSection(ProjectConfigurationPlatforms) = postSolution
		{86C91872-3A49-4F30-8020-84D79853197A}.Debug|Any CPU.ActiveCfg = Debug|Any CPU
		{86C91872-3A49-4F30-8020-84D79853197A}.Debug|Any CPU.Build.0 = Debug|Any CPU
		{86C91872-3A49-4F30-8020-84D79853197A}.Release|Any CPU.ActiveCfg = Release|Any CPU
		{86C91872-3A49-4F30-8020-84D79853197A}.Release|Any CPU.Build.0 = Release|Any CPU
	EndGlobalSection
	GlobalSection(SolutionProperties) = preSolution
		HideSolutionNode = FALSE
	EndGlobalSection
	GlobalSection(ExtensibilityGlobals) = postSolution
		SolutionGuid = {5D43E884-4789-4BE8-BD11-B5D06ED1A728}
	EndGlobalSection
EndGlobal
